// !$*UTF8*$!
{
	archiveVersion = 1;
	classes = {
	};
	objectVersion = 56;
	objects = {

/* Begin PBXBuildFile section */
		D42E2F9C2A0328400019E726 /* AppDelegate.swift in Sources */ = {isa = PBXBuildFile; fileRef = D42E2F9B2A0328400019E726 /* AppDelegate.swift */; };
		D42E2F9E2A0328400019E726 /* SceneDelegate.swift in Sources */ = {isa = PBXBuildFile; fileRef = D42E2F9D2A0328400019E726 /* SceneDelegate.swift */; };
		D42E2FA02A0328400019E726 /* ViewController.swift in Sources */ = {isa = PBXBuildFile; fileRef = D42E2F9F2A0328400019E726 /* ViewController.swift */; };
		D42E2FA32A0328400019E726 /* Main.storyboard in Resources */ = {isa = PBXBuildFile; fileRef = D42E2FA12A0328400019E726 /* Main.storyboard */; };
		D42E2FA62A0328400019E726 /* AmazingCalculator.xcdatamodeld in Sources */ = {isa = PBXBuildFile; fileRef = D42E2FA42A0328400019E726 /* AmazingCalculator.xcdatamodeld */; };
		D42E2FA82A0328420019E726 /* Assets.xcassets in Resources */ = {isa = PBXBuildFile; fileRef = D42E2FA72A0328420019E726 /* Assets.xcassets */; };
		D42E2FAB2A0328420019E726 /* LaunchScreen.storyboard in Resources */ = {isa = PBXBuildFile; fileRef = D42E2FA92A0328420019E726 /* LaunchScreen.storyboard */; };
		D42E2FB32A0328580019E726 /* CalculatorLogic.swift in Sources */ = {isa = PBXBuildFile; fileRef = D42E2FB22A0328580019E726 /* CalculatorLogic.swift */; };
/* End PBXBuildFile section */

/* Begin PBXFileReference section */
		D42E2F982A0328400019E726 /* AmazingCalculator.app */ = {isa = PBXFileReference; explicitFileType = wrapper.application; includeInIndex = 0; path = AmazingCalculator.app; sourceTree = BUILT_PRODUCTS_DIR; };
		D42E2F9B2A0328400019E726 /* AppDelegate.swift */ = {isa = PBXFileReference; lastKnownFileType = sourcecode.swift; path = AppDelegate.swift; sourceTree = "<group>"; };
		D42E2F9D2A0328400019E726 /* SceneDelegate.swift */ = {isa = PBXFileReference; lastKnownFileType = sourcecode.swift; path = SceneDelegate.swift; sourceTree = "<group>"; };
		D42E2F9F2A0328400019E726 /* ViewController.swift */ = {isa = PBXFileReference; lastKnownFileType = sourcecode.swift; path = ViewController.swift; sourceTree = "<group>"; };
		D42E2FA22A0328400019E726 /* Base */ = {isa = PBXFileReference; lastKnownFileType = file.storyboard; name = Base; path = Base.lproj/Main.storyboard; sourceTree = "<group>"; };
		D42E2FA52A0328400019E726 /* AmazingCalculator.xcdatamodel */ = {isa = PBXFileReference; lastKnownFileType = wrapper.xcdatamodel; path = AmazingCalculator.xcdatamodel; sourceTree = "<group>"; };
		D42E2FA72A0328420019E726 /* Assets.xcassets */ = {isa = PBXFileReference; lastKnownFileType = folder.assetcatalog; path = Assets.xcassets; sourceTree = "<group>"; };
		D42E2FAA2A0328420019E726 /* Base */ = {isa = PBXFileReference; lastKnownFileType = file.storyboard; name = Base; path = Base.lproj/LaunchScreen.storyboard; sourceTree = "<group>"; };
		D42E2FAC2A0328420019E726 /* Info.plist */ = {isa = PBXFileReference; lastKnownFileType = text.plist.xml; path = Info.plist; sourceTree = "<group>"; };
		D42E2FB22A0328580019E726 /* CalculatorLogic.swift */ = {isa = PBXFileReference; lastKnownFileType = sourcecode.swift; path = CalculatorLogic.swift; sourceTree = "<group>"; };
/* End PBXFileReference section */

/* Begin PBXFrameworksBuildPhase section */
		D42E2F952A0328400019E726 /* Frameworks */ = {
			isa = PBXFrameworksBuildPhase;
			buildActionMask = 2147483647;
			files = (
			);
			runOnlyForDeploymentPostprocessing = 0;
		};
/* End PBXFrameworksBuildPhase section */

/* Begin PBXGroup section */
		D42E2F8F2A0328400019E726 = {
			isa = PBXGroup;
			children = (
				D42E2F9A2A0328400019E726 /* AmazingCalculator */,
				D42E2F992A0328400019E726 /* Products */,
			);
			sourceTree = "<group>";
		};
		D42E2F992A0328400019E726 /* Products */ = {
			isa = PBXGroup;
			children = (
				D42E2F982A0328400019E726 /* AmazingCalculator.app */,
			);
			name = Products;
			sourceTree = "<group>";
		};
		D42E2F9A2A0328400019E726 /* AmazingCalculator */ = {
			isa = PBXGroup;
			children = (
				D42E2F9B2A0328400019E726 /* AppDelegate.swift */,
				D42E2F9D2A0328400019E726 /* SceneDelegate.swift */,
				D42E2FB42A0328630019E726 /* Model */,
				D42E2FB62A0328760019E726 /* View */,
				D42E2FB52A0328720019E726 /* Controller */,
				D42E2FA72A0328420019E726 /* Assets.xcassets */,
				D42E2FA92A0328420019E726 /* LaunchScreen.storyboard */,
				D42E2FAC2A0328420019E726 /* Info.plist */,
				D42E2FA42A0328400019E726 /* AmazingCalculator.xcdatamodeld */,
			);
			path = AmazingCalculator;
			sourceTree = "<group>";
		};
		D42E2FB42A0328630019E726 /* Model */ = {
			isa = PBXGroup;
			children = (
				D42E2FB22A0328580019E726 /* CalculatorLogic.swift */,
			);
			path = Model;
			sourceTree = "<group>";
		};
		D42E2FB52A0328720019E726 /* Controller */ = {
			isa = PBXGroup;
			children = (
				D42E2F9F2A0328400019E726 /* ViewController.swift */,
			);
			path = Controller;
			sourceTree = "<group>";
		};
		D42E2FB62A0328760019E726 /* View */ = {
			isa = PBXGroup;
			children = (
				D42E2FA12A0328400019E726 /* Main.storyboard */,
			);
			path = View;
			sourceTree = "<group>";
		};
/* End PBXGroup section */

/* Begin PBXNativeTarget section */
		D42E2F972A0328400019E726 /* AmazingCalculator */ = {
			isa = PBXNativeTarget;
			buildConfigurationList = D42E2FAF2A0328420019E726 /* Build configuration list for PBXNativeTarget "AmazingCalculator" */;
			buildPhases = (
				D42E2F942A0328400019E726 /* Sources */,
				D42E2F952A0328400019E726 /* Frameworks */,
				D42E2F962A0328400019E726 /* Resources */,
			);
			buildRules = (
			);
			dependencies = (
			);
			name = AmazingCalculator;
			productName = AmazingCalculator;
			productReference = D42E2F982A0328400019E726 /* AmazingCalculator.app */;
			productType = "com.apple.product-type.application";
		};
/* End PBXNativeTarget section */

/* Begin PBXProject section */
		D42E2F902A0328400019E726 /* Project object */ = {
			isa = PBXProject;
			attributes = {
				BuildIndependentTargetsInParallel = 1;
				LastSwiftUpdateCheck = 1420;
				LastUpgradeCheck = 1420;
				TargetAttributes = {
					D42E2F972A0328400019E726 = {
						CreatedOnToolsVersion = 14.2;
					};
				};
			};
			buildConfigurationList = D42E2F932A0328400019E726 /* Build configuration list for PBXProject "AmazingCalculator" */;
			compatibilityVersion = "Xcode 14.0";
			developmentRegion = en;
			hasScannedForEncodings = 0;
			knownRegions = (
				en,
				Base,
			);
			mainGroup = D42E2F8F2A0328400019E726;
			productRefGroup = D42E2F992A0328400019E726 /* Products */;
			projectDirPath = "";
			projectRoot = "";
			targets = (
				D42E2F972A0328400019E726 /* AmazingCalculator */,
			);
		};
/* End PBXProject section */

/* Begin PBXResourcesBuildPhase section */
		D42E2F962A0328400019E726 /* Resources */ = {
			isa = PBXResourcesBuildPhase;
			buildActionMask = 2147483647;
			files = (
				D42E2FAB2A0328420019E726 /* LaunchScreen.storyboard in Resources */,
				D42E2FA82A0328420019E726 /* Assets.xcassets in Resources */,
				D42E2FA32A0328400019E726 /* Main.storyboard in Resources */,
			);
			runOnlyForDeploymentPostprocessing = 0;
		};
/* End PBXResourcesBuildPhase section */

/* Begin PBXSourcesBuildPhase section */
		D42E2F942A0328400019E726 /* Sources */ = {
			isa = PBXSourcesBuildPhase;
			buildActionMask = 2147483647;
			files = (
				D42E2FA02A0328400019E726 /* ViewController.swift in Sources */,
				D42E2F9C2A0328400019E726 /* AppDelegate.swift in Sources */,
				D42E2FB32A0328580019E726 /* CalculatorLogic.swift in Sources */,
				D42E2F9E2A0328400019E726 /* SceneDelegate.swift in Sources */,
				D42E2FA62A0328400019E726 /* AmazingCalculator.xcdatamodeld in Sources */,
			);
			runOnlyForDeploymentPostprocessing = 0;
		};
/* End PBXSourcesBuildPhase section */

/* Begin PBXVariantGroup section */
		D42E2FA12A0328400019E726 /* Main.storyboard */ = {
			isa = PBXVariantGroup;
			children = (
				D42E2FA22A0328400019E726 /* Base */,
			);
			name = Main.storyboard;
			sourceTree = "<group>";
		};
		D42E2FA92A0328420019E726 /* LaunchScreen.storyboard */ = {
			isa = PBXVariantGroup;
			children = (
				D42E2FAA2A0328420019E726 /* Base */,
			);
			name = LaunchScreen.storyboard;
			sourceTree = "<group>";
		};
/* End PBXVariantGroup section */

/* Begin XCBuildConfiguration section */
		D42E2FAD2A0328420019E726 /* Debug */ = {
			isa = XCBuildConfiguration;
			buildSettings = {
				ALWAYS_SEARCH_USER_PATHS = NO;
				CLANG_ANALYZER_NONNULL = YES;
				CLANG_ANALYZER_NUMBER_OBJECT_CONVERSION = YES_AGGRESSIVE;
				CLANG_CXX_LANGUAGE_STANDARD = "gnu++20";
				CLANG_ENABLE_MODULES = YES;
				CLANG_ENABLE_OBJC_ARC = YES;
				CLANG_ENABLE_OBJC_WEAK = YES;
				CLANG_WARN_BLOCK_CAPTURE_AUTORELEASING = YES;
				CLANG_WARN_BOOL_CONVERSION = YES;
				CLANG_WARN_COMMA = YES;
				CLANG_WARN_CONSTANT_CONVERSION = YES;
				CLANG_WARN_DEPRECATED_OBJC_IMPLEMENTATIONS = YES;
				CLANG_WARN_DIRECT_OBJC_ISA_USAGE = YES_ERROR;
				CLANG_WARN_DOCUMENTATION_COMMENTS = YES;
				CLANG_WARN_EMPTY_BODY = YES;
				CLANG_WARN_ENUM_CONVERSION = YES;
				CLANG_WARN_INFINITE_RECURSION = YES;
				CLANG_WARN_INT_CONVERSION = YES;
				CLANG_WARN_NON_LITERAL_NULL_CONVERSION = YES;
				CLANG_WARN_OBJC_IMPLICIT_RETAIN_SELF = YES;
				CLANG_WARN_OBJC_LITERAL_CONVERSION = YES;
				CLANG_WARN_OBJC_ROOT_CLASS = YES_ERROR;
				CLANG_WARN_QUOTED_INCLUDE_IN_FRAMEWORK_HEADER = YES;
				CLANG_WARN_RANGE_LOOP_ANALYSIS = YES;
				CLANG_WARN_STRICT_PROTOTYPES = YES;
				CLANG_WARN_SUSPICIOUS_MOVE = YES;
				CLANG_WARN_UNGUARDED_AVAILABILITY = YES_AGGRESSIVE;
				CLANG_WARN_UNREACHABLE_CODE = YES;
				CLANG_WARN__DUPLICATE_METHOD_MATCH = YES;
				COPY_PHASE_STRIP = NO;
				DEBUG_INFORMATION_FORMAT = dwarf;
				ENABLE_STRICT_OBJC_MSGSEND = YES;
				ENABLE_TESTABILITY = YES;
				GCC_C_LANGUAGE_STANDARD = gnu11;
				GCC_DYNAMIC_NO_PIC = NO;
				GCC_NO_COMMON_BLOCKS = YES;
				GCC_OPTIMIZATION_LEVEL = 0;
				GCC_PREPROCESSOR_DEFINITIONS = (
					"DEBUG=1",
					"$(inherited)",
				);
				GCC_WARN_64_TO_32_BIT_CONVERSION = YES;
				GCC_WARN_ABOUT_RETURN_TYPE = YES_ERROR;
				GCC_WARN_UNDECLARED_SELECTOR = YES;
				GCC_WARN_UNINITIALIZED_AUTOS = YES_AGGRESSIVE;
				GCC_WARN_UNUSED_FUNCTION = YES;
				GCC_WARN_UNUSED_VARIABLE = YES;
				IPHONEOS_DEPLOYMENT_TARGET = 16.2;
				MTL_ENABLE_DEBUG_INFO = INCLUDE_SOURCE;
				MTL_FAST_MATH = YES;
				ONLY_ACTIVE_ARCH = YES;
				SDKROOT = iphoneos;
				SWIFT_ACTIVE_COMPILATION_CONDITIONS = DEBUG;
				SWIFT_OPTIMIZATION_LEVEL = "-Onone";
			};
			name = Debug;
		};
		D42E2FAE2A0328420019E726 /* Release */ = {
			isa = XCBuildConfiguration;
			buildSettings = {
				ALWAYS_SEARCH_USER_PATHS = NO;
				CLANG_ANALYZER_NONNULL = YES;
				CLANG_ANALYZER_NUMBER_OBJECT_CONVERSION = YES_AGGRESSIVE;
				CLANG_CXX_LANGUAGE_STANDARD = "gnu++20";
				CLANG_ENABLE_MODULES = YES;
				CLANG_ENABLE_OBJC_ARC = YES;
				CLANG_ENABLE_OBJC_WEAK = YES;
				CLANG_WARN_BLOCK_CAPTURE_AUTORELEASING = YES;
				CLANG_WARN_BOOL_CONVERSION = YES;
				CLANG_WARN_COMMA = YES;
				CLANG_WARN_CONSTANT_CONVERSION = YES;
				CLANG_WARN_DEPRECATED_OBJC_IMPLEMENTATIONS = YES;
				CLANG_WARN_DIRECT_OBJC_ISA_USAGE = YES_ERROR;
				CLANG_WARN_DOCUMENTATION_COMMENTS = YES;
				CLANG_WARN_EMPTY_BODY = YES;
				CLANG_WARN_ENUM_CONVERSION = YES;
				CLANG_WARN_INFINITE_RECURSION = YES;
				CLANG_WARN_INT_CONVERSION = YES;
				CLANG_WARN_NON_LITERAL_NULL_CONVERSION = YES;
				CLANG_WARN_OBJC_IMPLICIT_RETAIN_SELF = YES;
				CLANG_WARN_OBJC_LITERAL_CONVERSION = YES;
				CLANG_WARN_OBJC_ROOT_CLASS = YES_ERROR;
				CLANG_WARN_QUOTED_INCLUDE_IN_FRAMEWORK_HEADER = YES;
				CLANG_WARN_RANGE_LOOP_ANALYSIS = YES;
				CLANG_WARN_STRICT_PROTOTYPES = YES;
				CLANG_WARN_SUSPICIOUS_MOVE = YES;
				CLANG_WARN_UNGUARDED_AVAILABILITY = YES_AGGRESSIVE;
				CLANG_WARN_UNREACHABLE_CODE = YES;
				CLANG_WARN__DUPLICATE_METHOD_MATCH = YES;
				COPY_PHASE_STRIP = NO;
				DEBUG_INFORMATION_FORMAT = "dwarf-with-dsym";
				ENABLE_NS_ASSERTIONS = NO;
				ENABLE_STRICT_OBJC_MSGSEND = YES;
				GCC_C_LANGUAGE_STANDARD = gnu11;
				GCC_NO_COMMON_BLOCKS = YES;
				GCC_WARN_64_TO_32_BIT_CONVERSION = YES;
				GCC_WARN_ABOUT_RETURN_TYPE = YES_ERROR;
				GCC_WARN_UNDECLARED_SELECTOR = YES;
				GCC_WARN_UNINITIALIZED_AUTOS = YES_AGGRESSIVE;
				GCC_WARN_UNUSED_FUNCTION = YES;
				GCC_WARN_UNUSED_VARIABLE = YES;
				IPHONEOS_DEPLOYMENT_TARGET = 16.2;
				MTL_ENABLE_DEBUG_INFO = NO;
				MTL_FAST_MATH = YES;
				SDKROOT = iphoneos;
				SWIFT_COMPILATION_MODE = wholemodule;
				SWIFT_OPTIMIZATION_LEVEL = "-O";
				VALIDATE_PRODUCT = YES;
			};
			name = Release;
		};
		D42E2FB02A0328420019E726 /* Debug */ = {
			isa = XCBuildConfiguration;
			buildSettings = {
				ASSETCATALOG_COMPILER_APPICON_NAME = AppIcon;
				ASSETCATALOG_COMPILER_GLOBAL_ACCENT_COLOR_NAME = AccentColor;
				CODE_SIGN_STYLE = Automatic;
				CURRENT_PROJECT_VERSION = 1;
				DEVELOPMENT_TEAM = 776FT3LGC4;
				GENERATE_INFOPLIST_FILE = YES;
				INFOPLIST_FILE = AmazingCalculator/Info.plist;
				INFOPLIST_KEY_UIApplicationSupportsIndirectInputEvents = YES;
				INFOPLIST_KEY_UILaunchStoryboardName = LaunchScreen;
				INFOPLIST_KEY_UIMainStoryboardFile = Main;
				INFOPLIST_KEY_UISupportedInterfaceOrientations_iPad = "UIInterfaceOrientationPortrait UIInterfaceOrientationPortraitUpsideDown UIInterfaceOrientationLandscapeLeft UIInterfaceOrientationLandscapeRight";
				INFOPLIST_KEY_UISupportedInterfaceOrientations_iPhone = "UIInterfaceOrientationPortrait UIInterfaceOrientationLandscapeLeft UIInterfaceOrientationLandscapeRight";
				LD_RUNPATH_SEARCH_PATHS = (
					"$(inherited)",
					"@executable_path/Frameworks",
				);
				MARKETING_VERSION = 1.0;
				PRODUCT_BUNDLE_IDENTIFIER = com.amittandel.AmazingCalculator;
				PRODUCT_NAME = "$(TARGET_NAME)";
				SWIFT_EMIT_LOC_STRINGS = YES;
				SWIFT_VERSION = 5.0;
				TARGETED_DEVICE_FAMILY = "1,2";
			};
			name = Debug;
		};
		D42E2FB12A0328420019E726 /* Release */ = {
			isa = XCBuildConfiguration;
			buildSettings = {
				ASSETCATALOG_COMPILER_APPICON_NAME = AppIcon;
				ASSETCATALOG_COMPILER_GLOBAL_ACCENT_COLOR_NAME = AccentColor;
				CODE_SIGN_STYLE = Automatic;
				CURRENT_PROJECT_VERSION = 1;
				DEVELOPMENT_TEAM = 776FT3LGC4;
				GENERATE_INFOPLIST_FILE = YES;
				INFOPLIST_FILE = AmazingCalculator/Info.plist;
				INFOPLIST_KEY_UIApplicationSupportsIndirectInputEvents = YES;
				INFOPLIST_KEY_UILaunchStoryboardName = LaunchScreen;
				INFOPLIST_KEY_UIMainStoryboardFile = Main;
				INFOPLIST_KEY_UISupportedInterfaceOrientations_iPad = "UIInterfaceOrientationPortrait UIInterfaceOrientationPortraitUpsideDown UIInterfaceOrientationLandscapeLeft UIInterfaceOrientationLandscapeRight";
				INFOPLIST_KEY_UISupportedInterfaceOrientations_iPhone = "UIInterfaceOrientationPortrait UIInterfaceOrientationLandscapeLeft UIInterfaceOrientationLandscapeRight";
				LD_RUNPATH_SEARCH_PATHS = (
					"$(inherited)",
					"@executable_path/Frameworks",
				);
				MARKETING_VERSION = 1.0;
				PRODUCT_BUNDLE_IDENTIFIER = com.amittandel.AmazingCalculator;
				PRODUCT_NAME = "$(TARGET_NAME)";
				SWIFT_EMIT_LOC_STRINGS = YES;
				SWIFT_VERSION = 5.0;
				TARGETED_DEVICE_FAMILY = "1,2";
			};
			name = Release;
		};
/* End XCBuildConfiguration section */

/* Begin XCConfigurationList section */
		D42E2F932A0328400019E726 /* Build configuration list for PBXProject "AmazingCalculator" */ = {
			isa = XCConfigurationList;
			buildConfigurations = (
				D42E2FAD2A0328420019E726 /* Debug */,
				D42E2FAE2A0328420019E726 /* Release */,
			);
			defaultConfigurationIsVisible = 0;
			defaultConfigurationName = Release;
		};
		D42E2FAF2A0328420019E726 /* Build configuration list for PBXNativeTarget "AmazingCalculator" */ = {
			isa = XCConfigurationList;
			buildConfigurations = (
				D42E2FB02A0328420019E726 /* Debug */,
				D42E2FB12A0328420019E726 /* Release */,
			);
			defaultConfigurationIsVisible = 0;
			defaultConfigurationName = Release;
		};
/* End XCConfigurationList section */

/* Begin XCVersionGroup section */
		D42E2FA42A0328400019E726 /* AmazingCalculator.xcdatamodeld */ = {
			isa = XCVersionGroup;
			children = (
				D42E2FA52A0328400019E726 /* AmazingCalculator.xcdatamodel */,
			);
			currentVersion = D42E2FA52A0328400019E726 /* AmazingCalculator.xcdatamodel */;
			path = AmazingCalculator.xcdatamodeld;
			sourceTree = "<group>";
			versionGroupType = wrapper.xcdatamodel;
		};
/* End XCVersionGroup section */
	};
	rootObject = D42E2F902A0328400019E726 /* Project object */;
}
